
Microsoft Visual Studio Solution File, Format Version 12.00
# Visual Studio Version 17
VisualStudioVersion = 17.0.31903.59
MinimumVisualStudioVersion = 10.0.40219.1
Project("{2150E333-8FDC-42A3-9474-1A3956D46DE8}") = "src", "src", "{AD16BB75-BEB0-4B8B-BF32-F78D15955043}"
EndProject
Project("{FAE04EC0-301F-11D3-BF4B-00C04F79EFBC}") = "ItemComparison.Api", "src\ItemComparison.Api\ItemComparison.Api.csproj", "{14192CFC-2948-4457-8220-FCFAF97C44C0}"
EndProject
Project("{2150E333-8FDC-42A3-9474-1A3956D46DE8}") = "tests", "tests", "{E9545615-612A-49E4-A2B7-A74837EA991D}"
EndProject
Project("{FAE04EC0-301F-11D3-BF4B-00C04F79EFBC}") = "ItemComparison.Tests", "tests\ItemComparison.Tests\ItemComparison.Tests.csproj", "{F1E11E5C-C31D-4A87-BE12-8FAFAD82617F}"
EndProject
Global
	GlobalSection(SolutionConfigurationPlatforms) = preSolution
		Debug|Any CPU = Debug|Any CPU
		Release|Any CPU = Release|Any CPU
	EndGlobalSection
	GlobalSection(SolutionProperties) = preSolution
		HideSolutionNode = FALSE
	EndGlobalSection
	GlobalSection(ProjectConfigurationPlatforms) = postSolution
		{14192CFC-2948-4457-8220-FCFAF97C44C0}.Debug|Any CPU.ActiveCfg = Debug|Any CPU
		{14192CFC-2948-4457-8220-FCFAF97C44C0}.Debug|Any CPU.Build.0 = Debug|Any CPU
		{14192CFC-2948-4457-8220-FCFAF97C44C0}.Release|Any CPU.ActiveCfg = Release|Any CPU
		{14192CFC-2948-4457-8220-FCFAF97C44C0}.Release|Any CPU.Build.0 = Release|Any CPU
		{F1E11E5C-C31D-4A87-BE12-8FAFAD82617F}.Debug|Any CPU.ActiveCfg = Debug|Any CPU
		{F1E11E5C-C31D-4A87-BE12-8FAFAD82617F}.Debug|Any CPU.Build.0 = Debug|Any CPU
		{F1E11E5C-C31D-4A87-BE12-8FAFAD82617F}.Release|Any CPU.ActiveCfg = Release|Any CPU
		{F1E11E5C-C31D-4A87-BE12-8FAFAD82617F}.Release|Any CPU.Build.0 = Release|Any CPU
	EndGlobalSection
	GlobalSection(NestedProjects) = preSolution
		{14192CFC-2948-4457-8220-FCFAF97C44C0} = {AD16BB75-BEB0-4B8B-BF32-F78D15955043}
		{F1E11E5C-C31D-4A87-BE12-8FAFAD82617F} = {E9545615-612A-49E4-A2B7-A74837EA991D}
	EndGlobalSection
EndGlobal
